{
  "name": "nachiguro",
  "version": "0.1.0",
  "lockfileVersion": 1,
  "requires": true,
  "dependencies": {
    "@inhouse/adapter": {
      "version": "0.7.2",
      "resolved": "https://npm.git.pepabo.com/download/@inhouse/adapter/0.7.2/2ef7fd3c8e0f7c5f32af8eeb5cad4bbc301a68cba91bba92aac5a4be15edc5ce",
      "integrity": "sha512-UxdC6X4Q7SNwqN4cNPTpe2tWaHbMFL+MzCGXPn0dE7P5RwuIVKn2v6Ed6uoaXDzEZd4nuE39v4ZgbkTJapNOaw==",
      "requires": {
        "@inhouse/constants": "^0.7.1"
      }
    },
    "@inhouse/avatar": {
      "version": "0.7.2",
      "resolved": "https://npm.git.pepabo.com/download/@inhouse/avatar/0.7.2/0cf53ffeb6d89e7ca9e80ae76958a653faaec9866034b543d7b5bb6436bd3619",
      "integrity": "sha512-Y5nUcQPsM6AqQL4TitiEhqUZibXHLc226R5gJlsSTxcQzI3p3h4T3L/6SzgMWoKMmJqO0RcdDiM1iCTgdipejg==",
      "requires": {
        "@inhouse/adapter": "^0.7.2"
      }
    },
    "@inhouse/cell": {
      "version": "0.7.2",
      "resolved": "https://npm.git.pepabo.com/download/@inhouse/cell/0.7.2/eadca21beb84c8608be1e91fd027843b9f8c473a1ca693fa66a825e4bf7425c7",
      "integrity": "sha512-6vKpZ7sYOua9I+N+MJwjEDj7KOGohJYRx2PSXyK7TPmbpfdV9rePq7L84Md2pGiB0wq2Lk+YQqDL8p8J0IR2vQ==",
      "requires": {
        "@inhouse/adapter": "^0.7.2"
      }
    },
    "@inhouse/checkbox": {
      "version": "0.7.2",
      "resolved": "https://npm.git.pepabo.com/download/@inhouse/checkbox/0.7.2/f697ef97bdd8a341f0a632ed777df5ca9e8d495f9f2ef1e048de8e78f0d09cde",
      "integrity": "sha512-bgRAeJbjGWSXbdotKri/0j2419+/ZJTefSJzPKQDeryHD7A0VPwCJcgptVvxAi85OpsPcnCch/LinIgOJMDuzQ==",
      "requires": {
        "@inhouse/adapter": "^0.7.2",
        "@inhouse/icon": "^0.7.2"
      }
    },
    "@inhouse/constants": {
      "version": "0.7.1",
      "resolved": "https://npm.git.pepabo.com/download/@inhouse/constants/0.7.1/90f30573e002f756fae8b7b54ce97107e69c8c87a32abb6fe123bbcd6922c638",
      "integrity": "sha512-ovkJJrhCB4ET0o2cJLThBA7Aj9wY5plkp8mM3aHJc7bLMubxHZrw69KYnlCl9qU6W/ntqzczK5qhHxqE6oHiUg=="
    },
    "@inhouse/container": {
      "version": "0.7.2",
      "resolved": "https://npm.git.pepabo.com/download/@inhouse/container/0.7.2/af2a8ff2a3300305e0444f8183a5689b71d7e04c86ebbdaaeb907b6d2b0dd194",
      "integrity": "sha512-dUiL6uY2Frq5q+2ZED0dw6+tad8L5uwuRHbaZByvIx9JVOKT9qCLOkCCsWRjg9wQMTrdDCOPwDH2YadtjkSlZQ==",
      "requires": {
        "@inhouse/adapter": "^0.7.2"
      }
    },
    "@inhouse/grid": {
      "version": "0.7.2",
      "resolved": "https://npm.git.pepabo.com/download/@inhouse/grid/0.7.2/a57ccbc2c7b5f012e996d6c627a20c32b8eb22d44c12e598f4a480778eb02a88",
      "integrity": "sha512-WuorMj2X0oRUqL0bVkxp77oAHWfAHNPlvvkxBIuq690RklKVhmo0iDAQr5ELxPVXmGQMcnctmEOWixXIKthh4g==",
      "requires": {
        "@inhouse/adapter": "^0.7.2",
        "@inhouse/container": "^0.7.2"
      }
    },
    "@inhouse/icon": {
      "version": "0.7.2",
      "resolved": "https://npm.git.pepabo.com/download/@inhouse/icon/0.7.2/c5da6efdb98783bf40599ea1a3d274badfbc03d9c34523e350d5f72e63f4a5a9",
      "integrity": "sha512-3ztHMveTtGkX7pPot/6yMlUsjNZ9/5HGJNqc2zfuigyBi/DWgOnrzdSSAwyW7xfRQuVfuG3j2tz1LI9gy4jaLA==",
      "requires": {
        "@inhouse/adapter": "^0.7.2"
      }
    },
    "@inhouse/interactive-list": {
      "version": "0.10.0",
      "resolved": "https://npm.git.pepabo.com/download/@inhouse/interactive-list/0.10.0/edcd9fdd7e9e0f5142119c4d8a432ab1d4b817310f87a86ea9e23f9817405c5d",
      "integrity": "sha512-DU3QLAp4ZoyuUzooZXAaY7vAaz5J4S0oSzbgYC5SuomqVuT3sn/hiCDlSy4hgL5z8YriHo4d4DsJSRw6dV+HdQ==",
      "requires": {
        "@inhouse/adapter": "^0.10.0",
        "@inhouse/cell": "^0.10.0",
        "@inhouse/icon": "^0.10.0",
        "@inhouse/thumbnail": "^0.10.0"
      },
      "dependencies": {
        "@inhouse/adapter": {
          "version": "0.10.0",
          "resolved": "https://npm.git.pepabo.com/download/@inhouse/adapter/0.10.0/284509023ab2354bdcac947a001ff405cc4fb063c40d2861a3de065d41d778af",
          "integrity": "sha512-LP+75aQLFFHkDc4WsmFFKwCG0CBsZ5nV2X+17aZVrKAsBaO4n43AKHI85X3dkoaKrhI0Qnle1hxlMHlEP0WkXQ==",
          "requires": {
            "@inhouse/constants": "^0.10.0"
          }
        },
        "@inhouse/cell": {
          "version": "0.10.0",
          "resolved": "https://npm.git.pepabo.com/download/@inhouse/cell/0.10.0/e5ff96a206458acdcfa0f35bbc4e9a47b9d71c28335bbf54fa41eb4b41d00781",
          "integrity": "sha512-KxtnhHoPYzG4s2tGwAVtf7IpWAbaJUiDod6pGXdfi373CTXUagcJVOXWoMjYHsIJpBqRXrVytw1+6vzj7ZQq5Q==",
          "requires": {
            "@inhouse/adapter": "^0.10.0"
          }
        },
        "@inhouse/constants": {
          "version": "0.10.0",
          "resolved": "https://npm.git.pepabo.com/download/@inhouse/constants/0.10.0/ade33937b10fa040e78cf8a6ea363fba398d324e0f42a7a52581d35b56b35b7f",
          "integrity": "sha512-jocVhm52FpahOrQWQw01/9HxFIFQdxG7gUXH74nCcWAEErJuSXvTaKFh/U2LHUqcSJCKEw/StItucjJcrCUk6g=="
        },
        "@inhouse/icon": {
          "version": "0.10.0",
          "resolved": "https://npm.git.pepabo.com/download/@inhouse/icon/0.10.0/14c0d3cb8e97aec22f2dc44bf36adf7d22337a54fe40d5872c0c37a122e39978",
          "integrity": "sha512-jRAsixAcRJlTFTxESFWwoW9rqaZc/TFwV5bvXe6nNqlnIFtr4VMDPeANOyufVrn68/2LEO8Si4KWS3pPB1lPIw==",
          "requires": {
            "@inhouse/adapter": "^0.10.0"
          }
        },
        "@inhouse/thumbnail": {
          "version": "0.10.0",
          "resolved": "https://npm.git.pepabo.com/download/@inhouse/thumbnail/0.10.0/33c9c822b2c0c0ca07231e39c2dd20c31d15035b7f15b44012423d60efbaf1eb",
          "integrity": "sha512-rnznwl+OhNARgrTFDzkiPC2j92vGhvIlFncJZSLYNRpTifnbjbpiaC8ubg88Q4avnwstLnEqA+OD1dZnNYq2Ew==",
          "requires": {
            "@inhouse/adapter": "^0.10.0"
          }
        }
      }
    },
    "@inhouse/interactive-table": {
      "version": "0.7.2",
      "resolved": "https://npm.git.pepabo.com/download/@inhouse/interactive-table/0.7.2/ab00f714910e82d3c1b8bfe21f28c6ba37ed0413a0756a6e29fdf162a10c6cb7",
      "integrity": "sha512-zubGiss67Gkb5F8uRRlXPNspSwJuO+Cn70GX9dRmuuw4riE19FCrs881izUiwhGYoFl7AcUWvmZEU4RXa85cLQ==",
      "requires": {
        "@inhouse/adapter": "^0.7.2",
        "@inhouse/cell": "^0.7.2",
        "@inhouse/thumbnail": "^0.7.2"
      }
    },
    "@inhouse/list": {
      "version": "0.7.6",
      "resolved": "https://npm.git.pepabo.com/download/@inhouse/list/0.7.6/362762ce8da264ef48a0812247e112430bc26b924295bcc72b41ff8ad6250c87",
      "integrity": "sha512-XsQpAiIVjDuFyc2L8U6XTSAMwtO7ksH4ri9oZxJMOLDGLyFu+Dm+Btst0ogAUCDgFbjKyfzKVqFdelom+A7TDw==",
      "requires": {
        "@inhouse/adapter": "^0.7.2",
        "@inhouse/cell": "^0.7.2",
        "@inhouse/icon": "^0.7.2"
      }
    },
    "@inhouse/radio": {
      "version": "0.7.2",
      "resolved": "https://npm.git.pepabo.com/download/@inhouse/radio/0.7.2/d492346a26e07b8755ebde17cd796be694fc9c05e949fb859abd23f80619a2f1",
      "integrity": "sha512-VxxLs3Ctwik0t9K2ChrhzpSwq5aHaXzfA2h4/boBI/SagkttlZ6kbwfByIRJVB7XTqBP+WWyA7447Uv08PdiWg==",
      "requires": {
        "@inhouse/adapter": "^0.7.2",
        "@inhouse/icon": "^0.7.2"
      }
    },
    "@inhouse/table": {
      "version": "0.7.5",
      "resolved": "https://npm.git.pepabo.com/download/@inhouse/table/0.7.5/7f4813ed26e9d1fdc45aa923728306e1d198bb0b668d06eaa901ce3c6cff59d6",
      "integrity": "sha512-YTW3hX1tYklx+sXrn7CyuTqPo4Ep+0cpgqehzbTSzkZ2bpQ2zSvzRraLseUjQ3RBoo6UBV3oSOZn3ifMb56Q4g==",
      "requires": {
        "@inhouse/adapter": "^0.7.2",
        "@inhouse/cell": "^0.7.2"
      }
    },
    "@inhouse/thumbnail": {
      "version": "0.7.2",
      "resolved": "https://npm.git.pepabo.com/download/@inhouse/thumbnail/0.7.2/fe4371c5417003006f861386030d770b369ee8e48976dd0865f61bacdcbcfb38",
      "integrity": "sha512-kYGfkwQ0Pj3dBfBrsQKzx7HmazdlLZtO+IDEL9oZsAZg2ZvuQEtpZ+Ap81fB0ZHv0/w1b6dZIkB6hfahMP4fEQ==",
      "requires": {
        "@inhouse/adapter": "^0.7.2"
      }
    },
    "anymatch": {
      "version": "3.1.2",
      "resolved": "https://registry.npmjs.org/anymatch/-/anymatch-3.1.2.tgz",
      "integrity": "sha512-P43ePfOAIupkguHUycrc4qJ9kz8ZiuOUijaETwX7THt0Y/GNK7v0aa8rY816xWjZ7rJdA5XdMcpVFTKMq+RvWg==",
      "dev": true,
      "requires": {
        "normalize-path": "^3.0.0",
        "picomatch": "^2.0.4"
      }
    },
    "binary-extensions": {
      "version": "2.2.0",
      "resolved": "https://registry.npmjs.org/binary-extensions/-/binary-extensions-2.2.0.tgz",
      "integrity": "sha512-jDctJ/IVQbZoJykoeHbhXpOlNBqGNcwXJKJog42E5HDPUwQTSdjCHdihjj0DlnheQ7blbT6dHOafNAiS8ooQKA==",
      "dev": true
    },
    "braces": {
      "version": "3.0.2",
      "resolved": "https://registry.npmjs.org/braces/-/braces-3.0.2.tgz",
      "integrity": "sha512-b8um+L1RzM3WDSzvhm6gIz1yfTbBt6YTlcEKAvsmqCZZFw46z626lVj9j1yEPW33H5H+lBQpZMP1k8l+78Ha0A==",
      "dev": true,
      "requires": {
        "fill-range": "^7.0.1"
      }
    },
    "chokidar": {
      "version": "3.5.2",
      "resolved": "https://registry.npmjs.org/chokidar/-/chokidar-3.5.2.tgz",
      "integrity": "sha512-ekGhOnNVPgT77r4K/U3GDhu+FQ2S8TnK/s2KbIGXi0SZWuwkZ2QNyfWdZW+TVfn84DpEP7rLeCt2UI6bJ8GwbQ==",
      "dev": true,
      "requires": {
        "anymatch": "~3.1.2",
        "braces": "~3.0.2",
        "fsevents": "~2.3.2",
        "glob-parent": "~5.1.2",
        "is-binary-path": "~2.1.0",
        "is-glob": "~4.0.1",
        "normalize-path": "~3.0.0",
        "readdirp": "~3.6.0"
      }
    },
    "fill-range": {
      "version": "7.0.1",
      "resolved": "https://registry.npmjs.org/fill-range/-/fill-range-7.0.1.tgz",
      "integrity": "sha512-qOo9F+dMUmC2Lcb4BbVvnKJxTPjCm+RRpe4gDuGrzkL7mEVl/djYSu2OdQ2Pa302N4oqkSg9ir6jaLWJ2USVpQ==",
      "dev": true,
      "requires": {
        "to-regex-range": "^5.0.1"
      }
    },
    "fsevents": {
      "version": "2.3.2",
      "resolved": "https://registry.npmjs.org/fsevents/-/fsevents-2.3.2.tgz",
      "integrity": "sha512-xiqMQR4xAeHTuB9uWm+fFRcIOgKBMiOBP+eXiyT7jsgVCq1bkVygt00oASowB7EdtpOHaaPgKt812P9ab+DDKA==",
      "dev": true,
      "optional": true
    },
    "glob-parent": {
      "version": "5.1.2",
      "resolved": "https://registry.npmjs.org/glob-parent/-/glob-parent-5.1.2.tgz",
      "integrity": "sha512-AOIgSQCepiJYwP3ARnGx+5VnTu2HBYdzbGP45eLw1vr3zB3vZLeyed1sC9hnbcOc9/SrMyM5RPQrkGz4aS9Zow==",
      "dev": true,
      "requires": {
        "is-glob": "^4.0.1"
      }
    },
    "is-binary-path": {
      "version": "2.1.0",
      "resolved": "https://registry.npmjs.org/is-binary-path/-/is-binary-path-2.1.0.tgz",
      "integrity": "sha512-ZMERYes6pDydyuGidse7OsHxtbI7WVeUEozgR/g7rd0xUimYNlvZRE/K2MgZTjWy725IfelLeVcEM97mmtRGXw==",
      "dev": true,
      "requires": {
        "binary-extensions": "^2.0.0"
      }
    },
    "is-extglob": {
      "version": "2.1.1",
      "resolved": "https://registry.npmjs.org/is-extglob/-/is-extglob-2.1.1.tgz",
      "integrity": "sha1-qIwCU1eR8C7TfHahueqXc8gz+MI=",
      "dev": true
    },
    "is-glob": {
      "version": "4.0.1",
      "resolved": "https://registry.npmjs.org/is-glob/-/is-glob-4.0.1.tgz",
      "integrity": "sha512-5G0tKtBTFImOqDnLB2hG6Bp2qcKEFduo4tZu9MT/H6NQv/ghhy30o55ufafxJ/LdH79LLs2Kfrn85TLKyA7BUg==",
      "dev": true,
      "requires": {
        "is-extglob": "^2.1.1"
      }
    },
    "is-number": {
      "version": "7.0.0",
      "resolved": "https://registry.npmjs.org/is-number/-/is-number-7.0.0.tgz",
      "integrity": "sha512-41Cifkg6e8TylSpdtTpeLVMqvSBEVzTttHvERD741+pnZ8ANv0004MRL43QKPDlK9cGvNp6NZWZUBlbGXYxxng==",
      "dev": true
    },
    "normalize-path": {
      "version": "3.0.0",
      "resolved": "https://registry.npmjs.org/normalize-path/-/normalize-path-3.0.0.tgz",
      "integrity": "sha512-6eZs5Ls3WtCisHWp9S2GUy8dqkpGi4BVSz3GaqiE6ezub0512ESztXUwUB6C6IKbQkY2Pnb/mD4WYojCRwcwLA==",
      "dev": true
    },
    "picomatch": {
      "version": "2.3.0",
      "resolved": "https://registry.npmjs.org/picomatch/-/picomatch-2.3.0.tgz",
      "integrity": "sha512-lY1Q/PiJGC2zOv/z391WOTD+Z02bCgsFfvxoXXf6h7kv9o+WmsmzYqrAwY63sNgOxE4xEdq0WyUnXfKeBrSvYw==",
      "dev": true
    },
    "readdirp": {
      "version": "3.6.0",
      "resolved": "https://registry.npmjs.org/readdirp/-/readdirp-3.6.0.tgz",
      "integrity": "sha512-hOS089on8RduqdbhvQ5Z37A0ESjsqz6qnRcffsMU3495FuTdqSm+7bhJ29JvIOsBDEEnan5DPu9t3To9VRlMzA==",
      "dev": true,
      "requires": {
        "picomatch": "^2.2.1"
      }
    },
    "sass": {
      "version": "1.35.2",
      "resolved": "https://registry.npmjs.org/sass/-/sass-1.35.2.tgz",
      "integrity": "sha512-jhO5KAR+AMxCEwIH3v+4zbB2WB0z67V1X0jbapfVwQQdjHZUGUyukpnoM6+iCMfsIUC016w9OPKQ5jrNOS9uXw==",
      "dev": true,
      "requires": {
        "chokidar": ">=3.0.0 <4.0.0"
      }
    },
    "to-regex-range": {
      "version": "5.0.1",
      "resolved": "https://registry.npmjs.org/to-regex-range/-/to-regex-range-5.0.1.tgz",
      "integrity": "sha512-65P7iz6X5yEr1cwcgvQxbbIw7Uk3gOy5dIdtZ4rDveLqhrdJP+Li/Hx6tyK0NEb+2GCyneCMJiGqrADCSNk8sQ==",
      "dev": true,
      "requires": {
        "is-number": "^7.0.0"
      }
    }
  }
}
